
Microsoft Visual Studio Solution File, Format Version 12.00
# Visual Studio Version 17
VisualStudioVersion = 17.13.35825.156 d17.13
MinimumVisualStudioVersion = 10.0.40219.1
Project("{FAE04EC0-301F-11D3-BF4B-00C04F79EFBC}") = "MapGenerator", "MapGenerator\MapGenerator.csproj", "{5E5434C6-B440-459F-B96E-2DFB6CF7CFC5}"
EndProject
Global
	GlobalSection(SolutionConfigurationPlatforms) = preSolution
		Debug|Any CPU = Debug|Any CPU
		Release|Any CPU = Release|Any CPU
	EndGlobalSection
	GlobalSection(ProjectConfigurationPlatforms) = postSolution
		{5E5434C6-B440-459F-B96E-2DFB6CF7CFC5}.Debug|Any CPU.ActiveCfg = Debug|Any CPU
		{5E5434C6-B440-459F-B96E-2DFB6CF7CFC5}.Debug|Any CPU.Build.0 = Debug|Any CPU
		{5E5434C6-B440-459F-B96E-2DFB6CF7CFC5}.Release|Any CPU.ActiveCfg = Release|Any CPU
		{5E5434C6-B440-459F-B96E-2DFB6CF7CFC5}.Release|Any CPU.Build.0 = Release|Any CPU
	EndGlobalSection
	GlobalSection(SolutionProperties) = preSolution
		HideSolutionNode = FALSE
	EndGlobalSection
	GlobalSection(ExtensibilityGlobals) = postSolution
		SolutionGuid = {A59336BA-EDDF-4EA4-884F-CA5C43178732}
	EndGlobalSection
EndGlobal
